// !$*UTF8*$!
{
	archiveVersion = 1;
	classes = {
	};
	objectVersion = 56;
	objects = {

/* Begin PBXBuildFile section */
		B7939BE42C3DCE960092DD6F /* DreamTellerApp.swift in Sources */ = {isa = PBXBuildFile; fileRef = B7939BE32C3DCE960092DD6F /* DreamTellerApp.swift */; };
		B7939BE62C3DCE960092DD6F /* ContentView.swift in Sources */ = {isa = PBXBuildFile; fileRef = B7939BE52C3DCE960092DD6F /* ContentView.swift */; };
		B7939BE82C3DCE960092DD6F /* Item.swift in Sources */ = {isa = PBXBuildFile; fileRef = B7939BE72C3DCE960092DD6F /* Item.swift */; };
		B7939BEA2C3DCE980092DD6F /* Assets.xcassets in Resources */ = {isa = PBXBuildFile; fileRef = B7939BE92C3DCE980092DD6F /* Assets.xcassets */; };
		B7939BED2C3DCE980092DD6F /* Preview Assets.xcassets in Resources */ = {isa = PBXBuildFile; fileRef = B7939BEC2C3DCE980092DD6F /* Preview Assets.xcassets */; };
		B7939BF72C3DCE980092DD6F /* DreamTellerTests.swift in Sources */ = {isa = PBXBuildFile; fileRef = B7939BF62C3DCE980092DD6F /* DreamTellerTests.swift */; };
		B7939C012C3DCE980092DD6F /* DreamTellerUITests.swift in Sources */ = {isa = PBXBuildFile; fileRef = B7939C002C3DCE980092DD6F /* DreamTellerUITests.swift */; };
		B7939C032C3DCE980092DD6F /* DreamTellerUITestsLaunchTests.swift in Sources */ = {isa = PBXBuildFile; fileRef = B7939C022C3DCE980092DD6F /* DreamTellerUITestsLaunchTests.swift */; };
/* End PBXBuildFile section */

/* Begin PBXContainerItemProxy section */
		B7939BF32C3DCE980092DD6F /* PBXContainerItemProxy */ = {
			isa = PBXContainerItemProxy;
			containerPortal = B7939BD82C3DCE960092DD6F /* Project object */;
			proxyType = 1;
			remoteGlobalIDString = B7939BDF2C3DCE960092DD6F;
			remoteInfo = DreamTeller;
		};
		B7939BFD2C3DCE980092DD6F /* PBXContainerItemProxy */ = {
			isa = PBXContainerItemProxy;
			containerPortal = B7939BD82C3DCE960092DD6F /* Project object */;
			proxyType = 1;
			remoteGlobalIDString = B7939BDF2C3DCE960092DD6F;
			remoteInfo = DreamTeller;
		};
/* End PBXContainerItemProxy section */

/* Begin PBXFileReference section */
		B7939BE02C3DCE960092DD6F /* DreamTeller.app */ = {isa = PBXFileReference; explicitFileType = wrapper.application; includeInIndex = 0; path = DreamTeller.app; sourceTree = BUILT_PRODUCTS_DIR; };
		B7939BE32C3DCE960092DD6F /* DreamTellerApp.swift */ = {isa = PBXFileReference; lastKnownFileType = sourcecode.swift; path = DreamTellerApp.swift; sourceTree = "<group>"; };
		B7939BE52C3DCE960092DD6F /* ContentView.swift */ = {isa = PBXFileReference; lastKnownFileType = sourcecode.swift; path = ContentView.swift; sourceTree = "<group>"; };
		B7939BE72C3DCE960092DD6F /* Item.swift */ = {isa = PBXFileReference; lastKnownFileType = sourcecode.swift; path = Item.swift; sourceTree = "<group>"; };
		B7939BE92C3DCE980092DD6F /* Assets.xcassets */ = {isa = PBXFileReference; lastKnownFileType = folder.assetcatalog; path = Assets.xcassets; sourceTree = "<group>"; };
		B7939BEC2C3DCE980092DD6F /* Preview Assets.xcassets */ = {isa = PBXFileReference; lastKnownFileType = folder.assetcatalog; path = "Preview Assets.xcassets"; sourceTree = "<group>"; };
		B7939BF22C3DCE980092DD6F /* DreamTellerTests.xctest */ = {isa = PBXFileReference; explicitFileType = wrapper.cfbundle; includeInIndex = 0; path = DreamTellerTests.xctest; sourceTree = BUILT_PRODUCTS_DIR; };
		B7939BF62C3DCE980092DD6F /* DreamTellerTests.swift */ = {isa = PBXFileReference; lastKnownFileType = sourcecode.swift; path = DreamTellerTests.swift; sourceTree = "<group>"; };
		B7939BFC2C3DCE980092DD6F /* DreamTellerUITests.xctest */ = {isa = PBXFileReference; explicitFileType = wrapper.cfbundle; includeInIndex = 0; path = DreamTellerUITests.xctest; sourceTree = BUILT_PRODUCTS_DIR; };
		B7939C002C3DCE980092DD6F /* DreamTellerUITests.swift */ = {isa = PBXFileReference; lastKnownFileType = sourcecode.swift; path = DreamTellerUITests.swift; sourceTree = "<group>"; };
		B7939C022C3DCE980092DD6F /* DreamTellerUITestsLaunchTests.swift */ = {isa = PBXFileReference; lastKnownFileType = sourcecode.swift; path = DreamTellerUITestsLaunchTests.swift; sourceTree = "<group>"; };
/* End PBXFileReference section */

/* Begin PBXFrameworksBuildPhase section */
		B7939BDD2C3DCE960092DD6F /* Frameworks */ = {
			isa = PBXFrameworksBuildPhase;
			buildActionMask = 2147483647;
			files = (
			);
			runOnlyForDeploymentPostprocessing = 0;
		};
		B7939BEF2C3DCE980092DD6F /* Frameworks */ = {
			isa = PBXFrameworksBuildPhase;
			buildActionMask = 2147483647;
			files = (
			);
			runOnlyForDeploymentPostprocessing = 0;
		};
		B7939BF92C3DCE980092DD6F /* Frameworks */ = {
			isa = PBXFrameworksBuildPhase;
			buildActionMask = 2147483647;
			files = (
			);
			runOnlyForDeploymentPostprocessing = 0;
		};
/* End PBXFrameworksBuildPhase section */

/* Begin PBXGroup section */
		B7939BD72C3DCE960092DD6F = {
			isa = PBXGroup;
			children = (
				B7939BE22C3DCE960092DD6F /* DreamTeller */,
				B7939BF52C3DCE980092DD6F /* DreamTellerTests */,
				B7939BFF2C3DCE980092DD6F /* DreamTellerUITests */,
				B7939BE12C3DCE960092DD6F /* Products */,
			);
			sourceTree = "<group>";
		};
		B7939BE12C3DCE960092DD6F /* Products */ = {
			isa = PBXGroup;
			children = (
				B7939BE02C3DCE960092DD6F /* DreamTeller.app */,
				B7939BF22C3DCE980092DD6F /* DreamTellerTests.xctest */,
				B7939BFC2C3DCE980092DD6F /* DreamTellerUITests.xctest */,
			);
			name = Products;
			sourceTree = "<group>";
		};
		B7939BE22C3DCE960092DD6F /* DreamTeller */ = {
			isa = PBXGroup;
			children = (
				B7939BE32C3DCE960092DD6F /* DreamTellerApp.swift */,
				B7939BE52C3DCE960092DD6F /* ContentView.swift */,
				B7939BE72C3DCE960092DD6F /* Item.swift */,
				B7939BE92C3DCE980092DD6F /* Assets.xcassets */,
				B7939BEB2C3DCE980092DD6F /* Preview Content */,
			);
			path = DreamTeller;
			sourceTree = "<group>";
		};
		B7939BEB2C3DCE980092DD6F /* Preview Content */ = {
			isa = PBXGroup;
			children = (
				B7939BEC2C3DCE980092DD6F /* Preview Assets.xcassets */,
			);
			path = "Preview Content";
			sourceTree = "<group>";
		};
		B7939BF52C3DCE980092DD6F /* DreamTellerTests */ = {
			isa = PBXGroup;
			children = (
				B7939BF62C3DCE980092DD6F /* DreamTellerTests.swift */,
			);
			path = DreamTellerTests;
			sourceTree = "<group>";
		};
		B7939BFF2C3DCE980092DD6F /* DreamTellerUITests */ = {
			isa = PBXGroup;
			children = (
				B7939C002C3DCE980092DD6F /* DreamTellerUITests.swift */,
				B7939C022C3DCE980092DD6F /* DreamTellerUITestsLaunchTests.swift */,
			);
			path = DreamTellerUITests;
			sourceTree = "<group>";
		};
/* End PBXGroup section */

/* Begin PBXNativeTarget section */
		B7939BDF2C3DCE960092DD6F /* DreamTeller */ = {
			isa = PBXNativeTarget;
			buildConfigurationList = B7939C062C3DCE980092DD6F /* Build configuration list for PBXNativeTarget "DreamTeller" */;
			buildPhases = (
				B7939BDC2C3DCE960092DD6F /* Sources */,
				B7939BDD2C3DCE960092DD6F /* Frameworks */,
				B7939BDE2C3DCE960092DD6F /* Resources */,
			);
			buildRules = (
			);
			dependencies = (
			);
			name = DreamTeller;
			productName = DreamTeller;
			productReference = B7939BE02C3DCE960092DD6F /* DreamTeller.app */;
			productType = "com.apple.product-type.application";
		};
		B7939BF12C3DCE980092DD6F /* DreamTellerTests */ = {
			isa = PBXNativeTarget;
			buildConfigurationList = B7939C092C3DCE980092DD6F /* Build configuration list for PBXNativeTarget "DreamTellerTests" */;
			buildPhases = (
				B7939BEE2C3DCE980092DD6F /* Sources */,
				B7939BEF2C3DCE980092DD6F /* Frameworks */,
				B7939BF02C3DCE980092DD6F /* Resources */,
			);
			buildRules = (
			);
			dependencies = (
				B7939BF42C3DCE980092DD6F /* PBXTargetDependency */,
			);
			name = DreamTellerTests;
			productName = DreamTellerTests;
			productReference = B7939BF22C3DCE980092DD6F /* DreamTellerTests.xctest */;
			productType = "com.apple.product-type.bundle.unit-test";
		};
		B7939BFB2C3DCE980092DD6F /* DreamTellerUITests */ = {
			isa = PBXNativeTarget;
			buildConfigurationList = B7939C0C2C3DCE980092DD6F /* Build configuration list for PBXNativeTarget "DreamTellerUITests" */;
			buildPhases = (
				B7939BF82C3DCE980092DD6F /* Sources */,
				B7939BF92C3DCE980092DD6F /* Frameworks */,
				B7939BFA2C3DCE980092DD6F /* Resources */,
			);
			buildRules = (
			);
			dependencies = (
				B7939BFE2C3DCE980092DD6F /* PBXTargetDependency */,
			);
			name = DreamTellerUITests;
			productName = DreamTellerUITests;
			productReference = B7939BFC2C3DCE980092DD6F /* DreamTellerUITests.xctest */;
			productType = "com.apple.product-type.bundle.ui-testing";
		};
/* End PBXNativeTarget section */

/* Begin PBXProject section */
		B7939BD82C3DCE960092DD6F /* Project object */ = {
			isa = PBXProject;
			attributes = {
				BuildIndependentTargetsInParallel = 1;
				LastSwiftUpdateCheck = 1540;
				LastUpgradeCheck = 1540;
				TargetAttributes = {
					B7939BDF2C3DCE960092DD6F = {
						CreatedOnToolsVersion = 15.4;
					};
					B7939BF12C3DCE980092DD6F = {
						CreatedOnToolsVersion = 15.4;
						TestTargetID = B7939BDF2C3DCE960092DD6F;
					};
					B7939BFB2C3DCE980092DD6F = {
						CreatedOnToolsVersion = 15.4;
						TestTargetID = B7939BDF2C3DCE960092DD6F;
					};
				};
			};
			buildConfigurationList = B7939BDB2C3DCE960092DD6F /* Build configuration list for PBXProject "DreamTeller" */;
			compatibilityVersion = "Xcode 14.0";
			developmentRegion = en;
			hasScannedForEncodings = 0;
			knownRegions = (
				en,
				Base,
			);
			mainGroup = B7939BD72C3DCE960092DD6F;
			productRefGroup = B7939BE12C3DCE960092DD6F /* Products */;
			projectDirPath = "";
			projectRoot = "";
			targets = (
				B7939BDF2C3DCE960092DD6F /* DreamTeller */,
				B7939BF12C3DCE980092DD6F /* DreamTellerTests */,
				B7939BFB2C3DCE980092DD6F /* DreamTellerUITests */,
			);
		};
/* End PBXProject section */

/* Begin PBXResourcesBuildPhase section */
		B7939BDE2C3DCE960092DD6F /* Resources */ = {
			isa = PBXResourcesBuildPhase;
			buildActionMask = 2147483647;
			files = (
				B7939BED2C3DCE980092DD6F /* Preview Assets.xcassets in Resources */,
				B7939BEA2C3DCE980092DD6F /* Assets.xcassets in Resources */,
			);
			runOnlyForDeploymentPostprocessing = 0;
		};
		B7939BF02C3DCE980092DD6F /* Resources */ = {
			isa = PBXResourcesBuildPhase;
			buildActionMask = 2147483647;
			files = (
			);
			runOnlyForDeploymentPostprocessing = 0;
		};
		B7939BFA2C3DCE980092DD6F /* Resources */ = {
			isa = PBXResourcesBuildPhase;
			buildActionMask = 2147483647;
			files = (
			);
			runOnlyForDeploymentPostprocessing = 0;
		};
/* End PBXResourcesBuildPhase section */

/* Begin PBXSourcesBuildPhase section */
		B7939BDC2C3DCE960092DD6F /* Sources */ = {
			isa = PBXSourcesBuildPhase;
			buildActionMask = 2147483647;
			files = (
				B7939BE62C3DCE960092DD6F /* ContentView.swift in Sources */,
				B7939BE82C3DCE960092DD6F /* Item.swift in Sources */,
				B7939BE42C3DCE960092DD6F /* DreamTellerApp.swift in Sources */,
			);
			runOnlyForDeploymentPostprocessing = 0;
		};
		B7939BEE2C3DCE980092DD6F /* Sources */ = {
			isa = PBXSourcesBuildPhase;
			buildActionMask = 2147483647;
			files = (
				B7939BF72C3DCE980092DD6F /* DreamTellerTests.swift in Sources */,
			);
			runOnlyForDeploymentPostprocessing = 0;
		};
		B7939BF82C3DCE980092DD6F /* Sources */ = {
			isa = PBXSourcesBuildPhase;
			buildActionMask = 2147483647;
			files = (
				B7939C032C3DCE980092DD6F /* DreamTellerUITestsLaunchTests.swift in Sources */,
				B7939C012C3DCE980092DD6F /* DreamTellerUITests.swift in Sources */,
			);
			runOnlyForDeploymentPostprocessing = 0;
		};
/* End PBXSourcesBuildPhase section */

/* Begin PBXTargetDependency section */
		B7939BF42C3DCE980092DD6F /* PBXTargetDependency */ = {
			isa = PBXTargetDependency;
			target = B7939BDF2C3DCE960092DD6F /* DreamTeller */;
			targetProxy = B7939BF32C3DCE980092DD6F /* PBXContainerItemProxy */;
		};
		B7939BFE2C3DCE980092DD6F /* PBXTargetDependency */ = {
			isa = PBXTargetDependency;
			target = B7939BDF2C3DCE960092DD6F /* DreamTeller */;
			targetProxy = B7939BFD2C3DCE980092DD6F /* PBXContainerItemProxy */;
		};
/* End PBXTargetDependency section */

/* Begin XCBuildConfiguration section */
		B7939C042C3DCE980092DD6F /* Debug */ = {
			isa = XCBuildConfiguration;
			buildSettings = {
				ALWAYS_SEARCH_USER_PATHS = NO;
				ASSETCATALOG_COMPILER_GENERATE_SWIFT_ASSET_SYMBOL_EXTENSIONS = YES;
				CLANG_ANALYZER_NONNULL = YES;
				CLANG_ANALYZER_NUMBER_OBJECT_CONVERSION = YES_AGGRESSIVE;
				CLANG_CXX_LANGUAGE_STANDARD = "gnu++20";
				CLANG_ENABLE_MODULES = YES;
				CLANG_ENABLE_OBJC_ARC = YES;
				CLANG_ENABLE_OBJC_WEAK = YES;
				CLANG_WARN_BLOCK_CAPTURE_AUTORELEASING = YES;
				CLANG_WARN_BOOL_CONVERSION = YES;
				CLANG_WARN_COMMA = YES;
				CLANG_WARN_CONSTANT_CONVERSION = YES;
				CLANG_WARN_DEPRECATED_OBJC_IMPLEMENTATIONS = YES;
				CLANG_WARN_DIRECT_OBJC_ISA_USAGE = YES_ERROR;
				CLANG_WARN_DOCUMENTATION_COMMENTS = YES;
				CLANG_WARN_EMPTY_BODY = YES;
				CLANG_WARN_ENUM_CONVERSION = YES;
				CLANG_WARN_INFINITE_RECURSION = YES;
				CLANG_WARN_INT_CONVERSION = YES;
				CLANG_WARN_NON_LITERAL_NULL_CONVERSION = YES;
				CLANG_WARN_OBJC_IMPLICIT_RETAIN_SELF = YES;
				CLANG_WARN_OBJC_LITERAL_CONVERSION = YES;
				CLANG_WARN_OBJC_ROOT_CLASS = YES_ERROR;
				CLANG_WARN_QUOTED_INCLUDE_IN_FRAMEWORK_HEADER = YES;
				CLANG_WARN_RANGE_LOOP_ANALYSIS = YES;
				CLANG_WARN_STRICT_PROTOTYPES = YES;
				CLANG_WARN_SUSPICIOUS_MOVE = YES;
				CLANG_WARN_UNGUARDED_AVAILABILITY = YES_AGGRESSIVE;
				CLANG_WARN_UNREACHABLE_CODE = YES;
				CLANG_WARN__DUPLICATE_METHOD_MATCH = YES;
				COPY_PHASE_STRIP = NO;
				DEBUG_INFORMATION_FORMAT = dwarf;
				ENABLE_STRICT_OBJC_MSGSEND = YES;
				ENABLE_TESTABILITY = YES;
				ENABLE_USER_SCRIPT_SANDBOXING = YES;
				GCC_C_LANGUAGE_STANDARD = gnu17;
				GCC_DYNAMIC_NO_PIC = NO;
				GCC_NO_COMMON_BLOCKS = YES;
				GCC_OPTIMIZATION_LEVEL = 0;
				GCC_PREPROCESSOR_DEFINITIONS = (
					"DEBUG=1",
					"$(inherited)",
				);
				GCC_WARN_64_TO_32_BIT_CONVERSION = YES;
				GCC_WARN_ABOUT_RETURN_TYPE = YES_ERROR;
				GCC_WARN_UNDECLARED_SELECTOR = YES;
				GCC_WARN_UNINITIALIZED_AUTOS = YES_AGGRESSIVE;
				GCC_WARN_UNUSED_FUNCTION = YES;
				GCC_WARN_UNUSED_VARIABLE = YES;
				IPHONEOS_DEPLOYMENT_TARGET = 17.5;
				LOCALIZATION_PREFERS_STRING_CATALOGS = YES;
				MTL_ENABLE_DEBUG_INFO = INCLUDE_SOURCE;
				MTL_FAST_MATH = YES;
				ONLY_ACTIVE_ARCH = YES;
				SDKROOT = iphoneos;
				SWIFT_ACTIVE_COMPILATION_CONDITIONS = "DEBUG $(inherited)";
				SWIFT_OPTIMIZATION_LEVEL = "-Onone";
			};
			name = Debug;
		};
		B7939C052C3DCE980092DD6F /* Release */ = {
			isa = XCBuildConfiguration;
			buildSettings = {
				ALWAYS_SEARCH_USER_PATHS = NO;
				ASSETCATALOG_COMPILER_GENERATE_SWIFT_ASSET_SYMBOL_EXTENSIONS = YES;
				CLANG_ANALYZER_NONNULL = YES;
				CLANG_ANALYZER_NUMBER_OBJECT_CONVERSION = YES_AGGRESSIVE;
				CLANG_CXX_LANGUAGE_STANDARD = "gnu++20";
				CLANG_ENABLE_MODULES = YES;
				CLANG_ENABLE_OBJC_ARC = YES;
				CLANG_ENABLE_OBJC_WEAK = YES;
				CLANG_WARN_BLOCK_CAPTURE_AUTORELEASING = YES;
				CLANG_WARN_BOOL_CONVERSION = YES;
				CLANG_WARN_COMMA = YES;
				CLANG_WARN_CONSTANT_CONVERSION = YES;
				CLANG_WARN_DEPRECATED_OBJC_IMPLEMENTATIONS = YES;
				CLANG_WARN_DIRECT_OBJC_ISA_USAGE = YES_ERROR;
				CLANG_WARN_DOCUMENTATION_COMMENTS = YES;
				CLANG_WARN_EMPTY_BODY = YES;
				CLANG_WARN_ENUM_CONVERSION = YES;
				CLANG_WARN_INFINITE_RECURSION = YES;
				CLANG_WARN_INT_CONVERSION = YES;
				CLANG_WARN_NON_LITERAL_NULL_CONVERSION = YES;
				CLANG_WARN_OBJC_IMPLICIT_RETAIN_SELF = YES;
				CLANG_WARN_OBJC_LITERAL_CONVERSION = YES;
				CLANG_WARN_OBJC_ROOT_CLASS = YES_ERROR;
				CLANG_WARN_QUOTED_INCLUDE_IN_FRAMEWORK_HEADER = YES;
				CLANG_WARN_RANGE_LOOP_ANALYSIS = YES;
				CLANG_WARN_STRICT_PROTOTYPES = YES;
				CLANG_WARN_SUSPICIOUS_MOVE = YES;
				CLANG_WARN_UNGUARDED_AVAILABILITY = YES_AGGRESSIVE;
				CLANG_WARN_UNREACHABLE_CODE = YES;
				CLANG_WARN__DUPLICATE_METHOD_MATCH = YES;
				COPY_PHASE_STRIP = NO;
				DEBUG_INFORMATION_FORMAT = "dwarf-with-dsym";
				ENABLE_NS_ASSERTIONS = NO;
				ENABLE_STRICT_OBJC_MSGSEND = YES;
				ENABLE_USER_SCRIPT_SANDBOXING = YES;
				GCC_C_LANGUAGE_STANDARD = gnu17;
				GCC_NO_COMMON_BLOCKS = YES;
				GCC_WARN_64_TO_32_BIT_CONVERSION = YES;
				GCC_WARN_ABOUT_RETURN_TYPE = YES_ERROR;
				GCC_WARN_UNDECLARED_SELECTOR = YES;
				GCC_WARN_UNINITIALIZED_AUTOS = YES_AGGRESSIVE;
				GCC_WARN_UNUSED_FUNCTION = YES;
				GCC_WARN_UNUSED_VARIABLE = YES;
				IPHONEOS_DEPLOYMENT_TARGET = 17.5;
				LOCALIZATION_PREFERS_STRING_CATALOGS = YES;
				MTL_ENABLE_DEBUG_INFO = NO;
				MTL_FAST_MATH = YES;
				SDKROOT = iphoneos;
				SWIFT_COMPILATION_MODE = wholemodule;
				VALIDATE_PRODUCT = YES;
			};
			name = Release;
		};
		B7939C072C3DCE980092DD6F /* Debug */ = {
			isa = XCBuildConfiguration;
			buildSettings = {
				ASSETCATALOG_COMPILER_APPICON_NAME = AppIcon;
				ASSETCATALOG_COMPILER_GLOBAL_ACCENT_COLOR_NAME = AccentColor;
				CODE_SIGN_STYLE = Automatic;
				CURRENT_PROJECT_VERSION = 1;
				DEVELOPMENT_ASSET_PATHS = "\"DreamTeller/Preview Content\"";
				DEVELOPMENT_TEAM = X87NG9BLPP;
				ENABLE_PREVIEWS = YES;
				GENERATE_INFOPLIST_FILE = YES;
				INFOPLIST_KEY_UIApplicationSceneManifest_Generation = YES;
				INFOPLIST_KEY_UIApplicationSupportsIndirectInputEvents = YES;
				INFOPLIST_KEY_UILaunchScreen_Generation = YES;
				INFOPLIST_KEY_UISupportedInterfaceOrientations_iPad = "UIInterfaceOrientationPortrait UIInterfaceOrientationPortraitUpsideDown UIInterfaceOrientationLandscapeLeft UIInterfaceOrientationLandscapeRight";
				INFOPLIST_KEY_UISupportedInterfaceOrientations_iPhone = "UIInterfaceOrientationPortrait UIInterfaceOrientationLandscapeLeft UIInterfaceOrientationLandscapeRight";
				LD_RUNPATH_SEARCH_PATHS = (
					"$(inherited)",
					"@executable_path/Frameworks",
				);
				MARKETING_VERSION = 1.0;
				PRODUCT_BUNDLE_IDENTIFIER = com.pavlyukova.kateryna.ios.DreamTeller;
				PRODUCT_NAME = "$(TARGET_NAME)";
				SWIFT_EMIT_LOC_STRINGS = YES;
				SWIFT_VERSION = 5.0;
				TARGETED_DEVICE_FAMILY = "1,2";
			};
			name = Debug;
		};
		B7939C082C3DCE980092DD6F /* Release */ = {
			isa = XCBuildConfiguration;
			buildSettings = {
				ASSETCATALOG_COMPILER_APPICON_NAME = AppIcon;
				ASSETCATALOG_COMPILER_GLOBAL_ACCENT_COLOR_NAME = AccentColor;
				CODE_SIGN_STYLE = Automatic;
				CURRENT_PROJECT_VERSION = 1;
				DEVELOPMENT_ASSET_PATHS = "\"DreamTeller/Preview Content\"";
				DEVELOPMENT_TEAM = X87NG9BLPP;
				ENABLE_PREVIEWS = YES;
				GENERATE_INFOPLIST_FILE = YES;
				INFOPLIST_KEY_UIApplicationSceneManifest_Generation = YES;
				INFOPLIST_KEY_UIApplicationSupportsIndirectInputEvents = YES;
				INFOPLIST_KEY_UILaunchScreen_Generation = YES;
				INFOPLIST_KEY_UISupportedInterfaceOrientations_iPad = "UIInterfaceOrientationPortrait UIInterfaceOrientationPortraitUpsideDown UIInterfaceOrientationLandscapeLeft UIInterfaceOrientationLandscapeRight";
				INFOPLIST_KEY_UISupportedInterfaceOrientations_iPhone = "UIInterfaceOrientationPortrait UIInterfaceOrientationLandscapeLeft UIInterfaceOrientationLandscapeRight";
				LD_RUNPATH_SEARCH_PATHS = (
					"$(inherited)",
					"@executable_path/Frameworks",
				);
				MARKETING_VERSION = 1.0;
				PRODUCT_BUNDLE_IDENTIFIER = com.pavlyukova.kateryna.ios.DreamTeller;
				PRODUCT_NAME = "$(TARGET_NAME)";
				SWIFT_EMIT_LOC_STRINGS = YES;
				SWIFT_VERSION = 5.0;
				TARGETED_DEVICE_FAMILY = "1,2";
			};
			name = Release;
		};
		B7939C0A2C3DCE980092DD6F /* Debug */ = {
			isa = XCBuildConfiguration;
			buildSettings = {
				ALWAYS_EMBED_SWIFT_STANDARD_LIBRARIES = YES;
				BUNDLE_LOADER = "$(TEST_HOST)";
				CODE_SIGN_STYLE = Automatic;
				CURRENT_PROJECT_VERSION = 1;
				DEVELOPMENT_TEAM = X87NG9BLPP;
				GENERATE_INFOPLIST_FILE = YES;
				IPHONEOS_DEPLOYMENT_TARGET = 17.5;
				MARKETING_VERSION = 1.0;
				PRODUCT_BUNDLE_IDENTIFIER = com.pavlyukova.kateryna.ios.DreamTellerTests;
				PRODUCT_NAME = "$(TARGET_NAME)";
				SWIFT_EMIT_LOC_STRINGS = NO;
				SWIFT_VERSION = 5.0;
				TARGETED_DEVICE_FAMILY = "1,2";
				TEST_HOST = "$(BUILT_PRODUCTS_DIR)/DreamTeller.app/$(BUNDLE_EXECUTABLE_FOLDER_PATH)/DreamTeller";
			};
			name = Debug;
		};
		B7939C0B2C3DCE980092DD6F /* Release */ = {
			isa = XCBuildConfiguration;
			buildSettings = {
				ALWAYS_EMBED_SWIFT_STANDARD_LIBRARIES = YES;
				BUNDLE_LOADER = "$(TEST_HOST)";
				CODE_SIGN_STYLE = Automatic;
				CURRENT_PROJECT_VERSION = 1;
				DEVELOPMENT_TEAM = X87NG9BLPP;
				GENERATE_INFOPLIST_FILE = YES;
				IPHONEOS_DEPLOYMENT_TARGET = 17.5;
				MARKETING_VERSION = 1.0;
				PRODUCT_BUNDLE_IDENTIFIER = com.pavlyukova.kateryna.ios.DreamTellerTests;
				PRODUCT_NAME = "$(TARGET_NAME)";
				SWIFT_EMIT_LOC_STRINGS = NO;
				SWIFT_VERSION = 5.0;
				TARGETED_DEVICE_FAMILY = "1,2";
				TEST_HOST = "$(BUILT_PRODUCTS_DIR)/DreamTeller.app/$(BUNDLE_EXECUTABLE_FOLDER_PATH)/DreamTeller";
			};
			name = Release;
		};
		B7939C0D2C3DCE980092DD6F /* Debug */ = {
			isa = XCBuildConfiguration;
			buildSettings = {
				ALWAYS_EMBED_SWIFT_STANDARD_LIBRARIES = YES;
				CODE_SIGN_STYLE = Automatic;
				CURRENT_PROJECT_VERSION = 1;
				DEVELOPMENT_TEAM = X87NG9BLPP;
				GENERATE_INFOPLIST_FILE = YES;
				MARKETING_VERSION = 1.0;
				PRODUCT_BUNDLE_IDENTIFIER = com.pavlyukova.kateryna.ios.DreamTellerUITests;
				PRODUCT_NAME = "$(TARGET_NAME)";
				SWIFT_EMIT_LOC_STRINGS = NO;
				SWIFT_VERSION = 5.0;
				TARGETED_DEVICE_FAMILY = "1,2";
				TEST_TARGET_NAME = DreamTeller;
			};
			name = Debug;
		};
		B7939C0E2C3DCE980092DD6F /* Release */ = {
			isa = XCBuildConfiguration;
			buildSettings = {
				ALWAYS_EMBED_SWIFT_STANDARD_LIBRARIES = YES;
				CODE_SIGN_STYLE = Automatic;
				CURRENT_PROJECT_VERSION = 1;
				DEVELOPMENT_TEAM = X87NG9BLPP;
				GENERATE_INFOPLIST_FILE = YES;
				MARKETING_VERSION = 1.0;
				PRODUCT_BUNDLE_IDENTIFIER = com.pavlyukova.kateryna.ios.DreamTellerUITests;
				PRODUCT_NAME = "$(TARGET_NAME)";
				SWIFT_EMIT_LOC_STRINGS = NO;
				SWIFT_VERSION = 5.0;
				TARGETED_DEVICE_FAMILY = "1,2";
				TEST_TARGET_NAME = DreamTeller;
			};
			name = Release;
		};
/* End XCBuildConfiguration section */

/* Begin XCConfigurationList section */
		B7939BDB2C3DCE960092DD6F /* Build configuration list for PBXProject "DreamTeller" */ = {
			isa = XCConfigurationList;
			buildConfigurations = (
				B7939C042C3DCE980092DD6F /* Debug */,
				B7939C052C3DCE980092DD6F /* Release */,
			);
			defaultConfigurationIsVisible = 0;
			defaultConfigurationName = Release;
		};
		B7939C062C3DCE980092DD6F /* Build configuration list for PBXNativeTarget "DreamTeller" */ = {
			isa = XCConfigurationList;
			buildConfigurations = (
				B7939C072C3DCE980092DD6F /* Debug */,
				B7939C082C3DCE980092DD6F /* Release */,
			);
			defaultConfigurationIsVisible = 0;
			defaultConfigurationName = Release;
		};
		B7939C092C3DCE980092DD6F /* Build configuration list for PBXNativeTarget "DreamTellerTests" */ = {
			isa = XCConfigurationList;
			buildConfigurations = (
				B7939C0A2C3DCE980092DD6F /* Debug */,
				B7939C0B2C3DCE980092DD6F /* Release */,
			);
			defaultConfigurationIsVisible = 0;
			defaultConfigurationName = Release;
		};
		B7939C0C2C3DCE980092DD6F /* Build configuration list for PBXNativeTarget "DreamTellerUITests" */ = {
			isa = XCConfigurationList;
			buildConfigurations = (
				B7939C0D2C3DCE980092DD6F /* Debug */,
				B7939C0E2C3DCE980092DD6F /* Release */,
			);
			defaultConfigurationIsVisible = 0;
			defaultConfigurationName = Release;
		};
/* End XCConfigurationList section */
	};
	rootObject = B7939BD82C3DCE960092DD6F /* Project object */;
}
